
Microsoft Visual Studio Solution File, Format Version 11.00
# Visual Studio 2010
Project("{FAE04EC0-301F-11D3-BF4B-00C04F79EFBC}") = "Assembly-CSharp", "Assembly-CSharp.csproj", "{7A8C4995-6BED-401D-2753-DE0C05AAF330}"
EndProject
Project("{FAE04EC0-301F-11D3-BF4B-00C04F79EFBC}") = "Assembly-CSharp-Editor", "Assembly-CSharp-Editor.csproj", "{7B7088D3-1B73-C694-7BC0-F0C6C05A3E33}"
EndProject
Global
	GlobalSection(SolutionConfigurationPlatforms) = preSolution
		Debug|Any CPU = Debug|Any CPU
		Release|Any CPU = Release|Any CPU
	EndGlobalSection
	GlobalSection(ProjectConfigurationPlatforms) = postSolution
		{7A8C4995-6BED-401D-2753-DE0C05AAF330}.Debug|Any CPU.ActiveCfg = Debug|Any CPU
		{7A8C4995-6BED-401D-2753-DE0C05AAF330}.Debug|Any CPU.Build.0 = Debug|Any CPU
		{7A8C4995-6BED-401D-2753-DE0C05AAF330}.Release|Any CPU.ActiveCfg = Release|Any CPU
		{7A8C4995-6BED-401D-2753-DE0C05AAF330}.Release|Any CPU.Build.0 = Release|Any CPU
		{7B7088D3-1B73-C694-7BC0-F0C6C05A3E33}.Debug|Any CPU.ActiveCfg = Debug|Any CPU
		{7B7088D3-1B73-C694-7BC0-F0C6C05A3E33}.Debug|Any CPU.Build.0 = Debug|Any CPU
		{7B7088D3-1B73-C694-7BC0-F0C6C05A3E33}.Release|Any CPU.ActiveCfg = Release|Any CPU
		{7B7088D3-1B73-C694-7BC0-F0C6C05A3E33}.Release|Any CPU.Build.0 = Release|Any CPU
	EndGlobalSection
	GlobalSection(SolutionProperties) = preSolution
		HideSolutionNode = FALSE
	EndGlobalSection
EndGlobal
